
Microsoft Visual Studio Solution File, Format Version 12.00
# Visual Studio Version 17
VisualStudioVersion = 17.3.32901.215
MinimumVisualStudioVersion = 10.0.40219.1
Project("{8BC9CEB8-8B4A-11D0-8D11-00A0C91BC942}") = "Lab4_Age", "Lab4_Age.vcxproj", "{62ED0EC0-DA63-45C1-93D8-C9F9CE68C595}"
EndProject
Global
	GlobalSection(SolutionConfigurationPlatforms) = preSolution
		Debug|x64 = Debug|x64
		Debug|x86 = Debug|x86
		Release|x64 = Release|x64
		Release|x86 = Release|x86
	EndGlobalSection
	GlobalSection(ProjectConfigurationPlatforms) = postSolution
		{62ED0EC0-DA63-45C1-93D8-C9F9CE68C595}.Debug|x64.ActiveCfg = Debug|x64
		{62ED0EC0-DA63-45C1-93D8-C9F9CE68C595}.Debug|x64.Build.0 = Debug|x64
		{62ED0EC0-DA63-45C1-93D8-C9F9CE68C595}.Debug|x86.ActiveCfg = Debug|Win32
		{62ED0EC0-DA63-45C1-93D8-C9F9CE68C595}.Debug|x86.Build.0 = Debug|Win32
		{62ED0EC0-DA63-45C1-93D8-C9F9CE68C595}.Release|x64.ActiveCfg = Release|x64
		{62ED0EC0-DA63-45C1-93D8-C9F9CE68C595}.Release|x64.Build.0 = Release|x64
		{62ED0EC0-DA63-45C1-93D8-C9F9CE68C595}.Release|x86.ActiveCfg = Release|Win32
		{62ED0EC0-DA63-45C1-93D8-C9F9CE68C595}.Release|x86.Build.0 = Release|Win32
	EndGlobalSection
	GlobalSection(SolutionProperties) = preSolution
		HideSolutionNode = FALSE
	EndGlobalSection
	GlobalSection(ExtensibilityGlobals) = postSolution
		SolutionGuid = {C1E5F23D-23A8-4C23-AA7F-B26BE5A2C78C}
	EndGlobalSection
EndGlobal
